{
  "name": "issue335-workload",
  "version": "1.0.0",
  "lockfileVersion": 3,
  "requires": true,
  "packages": {
    "": {
      "name": "issue335-workload",
      "version": "1.0.0",
      "dependencies": {
        "issue335-digest": "file:vendor/issue335-digest-1.0.0.tgz"
      }
    },
    "node_modules/issue335-digest": {
      "version": "1.0.0",
      "resolved": "file:vendor/issue335-digest-1.0.0.tgz",
      "integrity": "sha512-4sPY2nkCyacthmGOttKxu0hih66TvMV3vL90UN83U5OqFxMiWY5BnJjIYliBfmsZrPbMubdJe6SfFB27V9n4Mw=="
    }
  }
}
